
Microsoft Visual Studio Solution File, Format Version 12.00
# Visual Studio Version 17
VisualStudioVersion = 17.10.35027.167
MinimumVisualStudioVersion = 10.0.40219.1
Project("{FAE04EC0-301F-11D3-BF4B-00C04F79EFBC}") = "Tesseract.Android", "Tesseract.Android\Tesseract.Android.csproj", "{6290D275-83A0-4135-8E4F-99ADDFBE2314}"
EndProject
Project("{FAE04EC0-301F-11D3-BF4B-00C04F79EFBC}") = "Tesseract", "Tesseract\Tesseract.csproj", "{3E4857E5-40E4-4EE7-87C1-72C65798C9E0}"
EndProject
Global
	GlobalSection(SolutionConfigurationPlatforms) = preSolution
		Debug|Any CPU = Debug|Any CPU
		Release|Any CPU = Release|Any CPU
	EndGlobalSection
	GlobalSection(ProjectConfigurationPlatforms) = postSolution
		{6290D275-83A0-4135-8E4F-99ADDFBE2314}.Debug|Any CPU.ActiveCfg = Debug|Any CPU
		{6290D275-83A0-4135-8E4F-99ADDFBE2314}.Debug|Any CPU.Build.0 = Debug|Any CPU
		{6290D275-83A0-4135-8E4F-99ADDFBE2314}.Debug|Any CPU.Deploy.0 = Debug|Any CPU
		{6290D275-83A0-4135-8E4F-99ADDFBE2314}.Release|Any CPU.ActiveCfg = Release|Any CPU
		{6290D275-83A0-4135-8E4F-99ADDFBE2314}.Release|Any CPU.Build.0 = Release|Any CPU
		{6290D275-83A0-4135-8E4F-99ADDFBE2314}.Release|Any CPU.Deploy.0 = Release|Any CPU
		{3E4857E5-40E4-4EE7-87C1-72C65798C9E0}.Debug|Any CPU.ActiveCfg = Debug|Any CPU
		{3E4857E5-40E4-4EE7-87C1-72C65798C9E0}.Debug|Any CPU.Build.0 = Debug|Any CPU
		{3E4857E5-40E4-4EE7-87C1-72C65798C9E0}.Debug|Any CPU.Deploy.0 = Debug|Any CPU
		{3E4857E5-40E4-4EE7-87C1-72C65798C9E0}.Release|Any CPU.ActiveCfg = Release|Any CPU
		{3E4857E5-40E4-4EE7-87C1-72C65798C9E0}.Release|Any CPU.Build.0 = Release|Any CPU
		{3E4857E5-40E4-4EE7-87C1-72C65798C9E0}.Release|Any CPU.Deploy.0 = Release|Any CPU
	EndGlobalSection
	GlobalSection(SolutionProperties) = preSolution
		HideSolutionNode = FALSE
	EndGlobalSection
	GlobalSection(ExtensibilityGlobals) = postSolution
		SolutionGuid = {55C97442-02A7-4750-8D71-D55486B975CF}
	EndGlobalSection
EndGlobal
